<?xml version="1.0" encoding="utf-8"?>
<Project ToolsVersion="4.0" xmlns="http://schemas.microsoft.com/developer/msbuild/2003">
  <ItemGroup>
    <Filter Include="소스 파일">
      <UniqueIdentifier>{4FC737F1-C7A5-4376-A066-2A32D752A2FF}</UniqueIdentifier>
      <Extensions>cpp;c;cc;cxx;c++;cppm;ixx;def;odl;idl;hpj;bat;asm;asmx</Extensions>
    </Filter>
    <Filter Include="헤더 파일">
      <UniqueIdentifier>{93995380-89BD-4b04-88EB-625FBE52EBFB}</UniqueIdentifier>
      <Extensions>h;hh;hpp;hxx;h++;hm;inl;inc;ipp;xsd</Extensions>
    </Filter>
    <Filter Include="리소스 파일">
      <UniqueIdentifier>{67DA6AB6-F800-4c08-8B7A-83BB121AAD01}</UniqueIdentifier>
      <Extensions>rc;ico;cur;bmp;dlg;rc2;rct;bin;rgs;gif;jpg;jpeg;jpe;resx;tiff;tif;png;wav;mfcribbon-ms</Extensions>
    </Filter>
    <Filter Include="01. Core">
      <UniqueIdentifier>{24f7c91c-4f72-42fb-a9fd-471eed0dafee}</UniqueIdentifier>
    </Filter>
    <Filter Include="02. Stage">
      <UniqueIdentifier>{5119e1e9-592a-4aaa-acee-ffe17fcb486c}</UniqueIdentifier>
    </Filter>
    <Filter Include="03. Object">
      <UniqueIdentifier>{df57a343-3ac6-4f15-a352-c47c284722d9}</UniqueIdentifier>
    </Filter>
    <Filter Include="03. Object\01. Character">
      <UniqueIdentifier>{3381a5e4-7940-4288-9bd8-7657c0003e2f}</UniqueIdentifier>
    </Filter>
    <Filter Include="04. Store">
      <UniqueIdentifier>{bb037489-28c2-457a-a83b-2abca1e6173d}</UniqueIdentifier>
    </Filter>
    <Filter Include="03. Object\02. Item">
      <UniqueIdentifier>{8b391685-47b8-4f17-a670-04a30221d806}</UniqueIdentifier>
    </Filter>
    <Filter Include="05. Inventory">
      <UniqueIdentifier>{741bc09b-d4fc-4a00-80c0-f2461abbfd32}</UniqueIdentifier>
    </Filter>
    <Filter Include="01. Core\File">
      <UniqueIdentifier>{702693d8-7bf0-4822-8023-5256b8e23a34}</UniqueIdentifier>
    </Filter>
    <Filter Include="06. Editor">
      <UniqueIdentifier>{62ad5b5c-e436-4a96-8058-71eabeea22cb}</UniqueIdentifier>
    </Filter>
  </ItemGroup>
  <ItemGroup>
    <ClCompile Include="main.cpp">
      <Filter>소스 파일</Filter>
    </ClCompile>
    <ClCompile Include="Core.cpp">
      <Filter>01. Core</Filter>
    </ClCompile>
    <ClCompile Include="Stage.cpp">
      <Filter>02. Stage</Filter>
    </ClCompile>
    <ClCompile Include="StageManager.cpp">
      <Filter>02. Stage</Filter>
    </ClCompile>
    <ClCompile Include="Player.cpp">
      <Filter>03. Object\01. Character</Filter>
    </ClCompile>
    <ClCompile Include="Monster.cpp">
      <Filter>03. Object\01. Character</Filter>
    </ClCompile>
    <ClCompile Include="Character.cpp">
      <Filter>03. Object\01. Character</Filter>
    </ClCompile>
    <ClCompile Include="StageEasy.cpp">
      <Filter>02. Stage</Filter>
    </ClCompile>
    <ClCompile Include="StageHard.cpp">
      <Filter>02. Stage</Filter>
    </ClCompile>
    <ClCompile Include="StageNormal.cpp">
      <Filter>02. Stage</Filter>
    </ClCompile>
    <ClCompile Include="ObjectManager.cpp">
      <Filter>03. Object</Filter>
    </ClCompile>
    <ClCompile Include="Obj.cpp">
      <Filter>03. Object</Filter>
    </ClCompile>
    <ClCompile Include="StoreManager.cpp">
      <Filter>04. Store</Filter>
    </ClCompile>
    <ClCompile Include="StoreArmor.cpp">
      <Filter>04. Store</Filter>
    </ClCompile>
    <ClCompile Include="StoreWeapon.cpp">
      <Filter>04. Store</Filter>
    </ClCompile>
    <ClCompile Include="ItemWeapon.cpp">
      <Filter>03. Object\02. Item</Filter>
    </ClCompile>
    <ClCompile Include="ItemArmor.cpp">
      <Filter>03. Object\02. Item</Filter>
    </ClCompile>
    <ClCompile Include="Item.cpp">
      <Filter>03. Object\02. Item</Filter>
    </ClCompile>
    <ClCompile Include="Inventory.cpp">
      <Filter>05. Inventory</Filter>
    </ClCompile>
    <ClCompile Include="Store.cpp">
      <Filter>04. Store</Filter>
    </ClCompile>
    <ClCompile Include="FileStream.cpp">
      <Filter>01. Core\File</Filter>
    </ClCompile>
    <ClCompile Include="EditorCore.cpp">
      <Filter>06. Editor</Filter>
    </ClCompile>
  </ItemGroup>
  <ItemGroup>
    <ClInclude Include="value.h">
      <Filter>헤더 파일</Filter>
    </ClInclude>
    <ClInclude Include="defines.h">
      <Filter>헤더 파일</Filter>
    </ClInclude>
    <ClInclude Include="Core.h">
      <Filter>01. Core</Filter>
    </ClInclude>
    <ClInclude Include="Stage.h">
      <Filter>02. Stage</Filter>
    </ClInclude>
    <ClInclude Include="StageManager.h">
      <Filter>02. Stage</Filter>
    </ClInclude>
    <ClInclude Include="Player.h">
      <Filter>03. Object\01. Character</Filter>
    </ClInclude>
    <ClInclude Include="Monster.h">
      <Filter>03. Object\01. Character</Filter>
    </ClInclude>
    <ClInclude Include="Character.h">
      <Filter>03. Object\01. Character</Filter>
    </ClInclude>
    <ClInclude Include="StageEasy.h">
      <Filter>02. Stage</Filter>
    </ClInclude>
    <ClInclude Include="StageHard.h">
      <Filter>02. Stage</Filter>
    </ClInclude>
    <ClInclude Include="StageNormal.h">
      <Filter>02. Stage</Filter>
    </ClInclude>
    <ClInclude Include="ObjectManager.h">
      <Filter>03. Object</Filter>
    </ClInclude>
    <ClInclude Include="Obj.h">
      <Filter>03. Object</Filter>
    </ClInclude>
    <ClInclude Include="Flags.h">
      <Filter>헤더 파일</Filter>
    </ClInclude>
    <ClInclude Include="StoreManager.h">
      <Filter>04. Store</Filter>
    </ClInclude>
    <ClInclude Include="StoreArmor.h">
      <Filter>04. Store</Filter>
    </ClInclude>
    <ClInclude Include="StoreWeapon.h">
      <Filter>04. Store</Filter>
    </ClInclude>
    <ClInclude Include="ItemWeapon.h">
      <Filter>03. Object\02. Item</Filter>
    </ClInclude>
    <ClInclude Include="ItemArmor.h">
      <Filter>03. Object\02. Item</Filter>
    </ClInclude>
    <ClInclude Include="Item.h">
      <Filter>03. Object\02. Item</Filter>
    </ClInclude>
    <ClInclude Include="Inventory.h">
      <Filter>05. Inventory</Filter>
    </ClInclude>
    <ClInclude Include="Store.h">
      <Filter>04. Store</Filter>
    </ClInclude>
    <ClInclude Include="FileStream.h">
      <Filter>01. Core\File</Filter>
    </ClInclude>
    <ClInclude Include="EditorCore.h">
      <Filter>06. Editor</Filter>
    </ClInclude>
  </ItemGroup>
  <ItemGroup>
    <None Include="ClassDiagram.cd" />
    <None Include="ClassDiagram1.cd" />
  </ItemGroup>
</Project>